
Microsoft Visual Studio Solution File, Format Version 12.00
# Visual Studio Version 16
VisualStudioVersion = 16.0.33130.400
MinimumVisualStudioVersion = 10.0.40219.1
Project("{FAE04EC0-301F-11D3-BF4B-00C04F79EFBC}") = "LeMinhTinh_2154050301", "LeMinhTinh_2154050301\LeMinhTinh_2154050301.csproj", "{371E229F-1833-4D0E-A7D9-953756EA16B6}"
EndProject
Project("{FAE04EC0-301F-11D3-BF4B-00C04F79EFBC}") = "UnitTestProject1", "UnitTestProject1\UnitTestProject1.csproj", "{8DC11071-B088-42C5-85F0-0BCD6AE1E11F}"
EndProject
Global
	GlobalSection(SolutionConfigurationPlatforms) = preSolution
		Debug|Any CPU = Debug|Any CPU
		Release|Any CPU = Release|Any CPU
	EndGlobalSection
	GlobalSection(ProjectConfigurationPlatforms) = postSolution
		{371E229F-1833-4D0E-A7D9-953756EA16B6}.Debug|Any CPU.ActiveCfg = Debug|Any CPU
		{371E229F-1833-4D0E-A7D9-953756EA16B6}.Debug|Any CPU.Build.0 = Debug|Any CPU
		{371E229F-1833-4D0E-A7D9-953756EA16B6}.Release|Any CPU.ActiveCfg = Release|Any CPU
		{371E229F-1833-4D0E-A7D9-953756EA16B6}.Release|Any CPU.Build.0 = Release|Any CPU
		{8DC11071-B088-42C5-85F0-0BCD6AE1E11F}.Debug|Any CPU.ActiveCfg = Debug|Any CPU
		{8DC11071-B088-42C5-85F0-0BCD6AE1E11F}.Debug|Any CPU.Build.0 = Debug|Any CPU
		{8DC11071-B088-42C5-85F0-0BCD6AE1E11F}.Release|Any CPU.ActiveCfg = Release|Any CPU
		{8DC11071-B088-42C5-85F0-0BCD6AE1E11F}.Release|Any CPU.Build.0 = Release|Any CPU
	EndGlobalSection
	GlobalSection(SolutionProperties) = preSolution
		HideSolutionNode = FALSE
	EndGlobalSection
	GlobalSection(ExtensibilityGlobals) = postSolution
		SolutionGuid = {9406D322-36FB-4F98-861E-3EC0D5054488}
	EndGlobalSection
EndGlobal
