
Microsoft Visual Studio Solution File, Format Version 12.00
# Visual Studio Version 16
VisualStudioVersion = 16.0.33130.400
MinimumVisualStudioVersion = 10.0.40219.1
Project("{FAE04EC0-301F-11D3-BF4B-00C04F79EFBC}") = "Calculator", "Calculator\Calculator.csproj", "{5A8DD044-EA78-409C-B738-652CBAD6B8B5}"
EndProject
Project("{FAE04EC0-301F-11D3-BF4B-00C04F79EFBC}") = "Calculator_Tester", "Calculator_Tester\Calculator_Tester.csproj", "{32001DCD-26B8-4173-AF5C-F7B1797853C3}"
EndProject
Project("{00D1A9C2-B5F0-4AF3-8072-F6C62B433612}") = "DbTest", "DbTest\DbTest.sqlproj", "{60FE4013-AF1A-45F3-B9F1-645B7C462280}"
EndProject
Global
	GlobalSection(SolutionConfigurationPlatforms) = preSolution
		Debug|Any CPU = Debug|Any CPU
		Release|Any CPU = Release|Any CPU
	EndGlobalSection
	GlobalSection(ProjectConfigurationPlatforms) = postSolution
		{5A8DD044-EA78-409C-B738-652CBAD6B8B5}.Debug|Any CPU.ActiveCfg = Debug|Any CPU
		{5A8DD044-EA78-409C-B738-652CBAD6B8B5}.Debug|Any CPU.Build.0 = Debug|Any CPU
		{5A8DD044-EA78-409C-B738-652CBAD6B8B5}.Release|Any CPU.ActiveCfg = Release|Any CPU
		{5A8DD044-EA78-409C-B738-652CBAD6B8B5}.Release|Any CPU.Build.0 = Release|Any CPU
		{32001DCD-26B8-4173-AF5C-F7B1797853C3}.Debug|Any CPU.ActiveCfg = Debug|Any CPU
		{32001DCD-26B8-4173-AF5C-F7B1797853C3}.Debug|Any CPU.Build.0 = Debug|Any CPU
		{32001DCD-26B8-4173-AF5C-F7B1797853C3}.Release|Any CPU.ActiveCfg = Release|Any CPU
		{32001DCD-26B8-4173-AF5C-F7B1797853C3}.Release|Any CPU.Build.0 = Release|Any CPU
		{60FE4013-AF1A-45F3-B9F1-645B7C462280}.Debug|Any CPU.ActiveCfg = Debug|Any CPU
		{60FE4013-AF1A-45F3-B9F1-645B7C462280}.Debug|Any CPU.Build.0 = Debug|Any CPU
		{60FE4013-AF1A-45F3-B9F1-645B7C462280}.Debug|Any CPU.Deploy.0 = Debug|Any CPU
		{60FE4013-AF1A-45F3-B9F1-645B7C462280}.Release|Any CPU.ActiveCfg = Release|Any CPU
		{60FE4013-AF1A-45F3-B9F1-645B7C462280}.Release|Any CPU.Build.0 = Release|Any CPU
		{60FE4013-AF1A-45F3-B9F1-645B7C462280}.Release|Any CPU.Deploy.0 = Release|Any CPU
	EndGlobalSection
	GlobalSection(SolutionProperties) = preSolution
		HideSolutionNode = FALSE
	EndGlobalSection
	GlobalSection(ExtensibilityGlobals) = postSolution
		SolutionGuid = {7EF6EDA5-8795-4C05-9FC6-45EA285671DF}
	EndGlobalSection
EndGlobal
